
Microsoft Visual Studio Solution File, Format Version 12.00
# Visual Studio 2012
Project("{FAE04EC0-301F-11D3-BF4B-00C04F79EFBC}") = "todo", "todo\todo.csproj", "{4C6A4E9A-4EF2-4583-9688-5AD2C8E720B5}"
EndProject
Global
	GlobalSection(SolutionConfigurationPlatforms) = preSolution
		Debug|Any CPU = Debug|Any CPU
		Release|Any CPU = Release|Any CPU
	EndGlobalSection
	GlobalSection(ProjectConfigurationPlatforms) = postSolution
		{4C6A4E9A-4EF2-4583-9688-5AD2C8E720B5}.Debug|Any CPU.ActiveCfg = Debug|Any CPU
		{4C6A4E9A-4EF2-4583-9688-5AD2C8E720B5}.Debug|Any CPU.Build.0 = Debug|Any CPU
		{4C6A4E9A-4EF2-4583-9688-5AD2C8E720B5}.Release|Any CPU.ActiveCfg = Release|Any CPU
		{4C6A4E9A-4EF2-4583-9688-5AD2C8E720B5}.Release|Any CPU.Build.0 = Release|Any CPU
	EndGlobalSection
	GlobalSection(SolutionProperties) = preSolution
		HideSolutionNode = FALSE
	EndGlobalSection
EndGlobal
